
Microsoft Visual Studio Solution File, Format Version 12.00
# Visual Studio Version 17
VisualStudioVersion = 17.4.33122.133
MinimumVisualStudioVersion = 10.0.40219.1
Project("{FAE04EC0-301F-11D3-BF4B-00C04F79EFBC}") = "InstrumentHiringSystem", "InstrumentHiringSystem\InstrumentHiringSystem.csproj", "{4CF1C4B0-10F5-4D3D-B672-99284958C903}"
EndProject
Global
	GlobalSection(SolutionConfigurationPlatforms) = preSolution
		Debug|Any CPU = Debug|Any CPU
		Release|Any CPU = Release|Any CPU
	EndGlobalSection
	GlobalSection(ProjectConfigurationPlatforms) = postSolution
		{4CF1C4B0-10F5-4D3D-B672-99284958C903}.Debug|Any CPU.ActiveCfg = Debug|Any CPU
		{4CF1C4B0-10F5-4D3D-B672-99284958C903}.Debug|Any CPU.Build.0 = Debug|Any CPU
		{4CF1C4B0-10F5-4D3D-B672-99284958C903}.Release|Any CPU.ActiveCfg = Release|Any CPU
		{4CF1C4B0-10F5-4D3D-B672-99284958C903}.Release|Any CPU.Build.0 = Release|Any CPU
	EndGlobalSection
	GlobalSection(SolutionProperties) = preSolution
		HideSolutionNode = FALSE
	EndGlobalSection
	GlobalSection(ExtensibilityGlobals) = postSolution
		SolutionGuid = {5CDDDA4C-084C-46AF-8685-58EAD0962B95}
	EndGlobalSection
EndGlobal
